
Microsoft Visual Studio Solution File, Format Version 12.00
# Visual Studio Version 17
VisualStudioVersion = 17.5.002.0
MinimumVisualStudioVersion = 10.0.40219.1
Project("{9A19103F-16F7-4668-BE54-9A1E7A4F7556}") = "webapp2api", "api\webapp2api.csproj", "{1F3C44CE-8F62-43AB-BF5C-DCDD84935CA9}"
EndProject
Global
	GlobalSection(SolutionConfigurationPlatforms) = preSolution
		Debug|Any CPU = Debug|Any CPU
		Release|Any CPU = Release|Any CPU
	EndGlobalSection
	GlobalSection(ProjectConfigurationPlatforms) = postSolution
		{1F3C44CE-8F62-43AB-BF5C-DCDD84935CA9}.Debug|Any CPU.ActiveCfg = Debug|Any CPU
		{1F3C44CE-8F62-43AB-BF5C-DCDD84935CA9}.Debug|Any CPU.Build.0 = Debug|Any CPU
		{1F3C44CE-8F62-43AB-BF5C-DCDD84935CA9}.Release|Any CPU.ActiveCfg = Release|Any CPU
		{1F3C44CE-8F62-43AB-BF5C-DCDD84935CA9}.Release|Any CPU.Build.0 = Release|Any CPU
	EndGlobalSection
	GlobalSection(SolutionProperties) = preSolution
		HideSolutionNode = FALSE
	EndGlobalSection
	GlobalSection(ExtensibilityGlobals) = postSolution
		SolutionGuid = {1EFA30BC-A601-4B2D-9EAF-1F240C95FF79}
	EndGlobalSection
EndGlobal
